<?xml version="1.0" encoding="UTF-8" standalone="yes" ?>
<CodeBlocks_project_file>
	<FileVersion major="1" minor="6" />
	<Project>
		<Option title="mpi_pastar_msa2" />
		<Option makefile_is_custom="1" />
		<Option pch_mode="2" />
		<Option compiler="clang" />
		<Build>
			<Target title="Debug">
				<Option output="bin/pastar" prefix_auto="1" extension_auto="1" />
				<Option object_output="obj/Debug/" />
				<Option type="1" />
				<Option compiler="gcc" />
				<Compiler>
					<Add option="-g" />
				</Compiler>
				<MakeCommands>
					<Build command="$make -f $makefile" />
					<CompileFile command="$make -f $makefile $file" />
					<Clean command="$make -f $makefile clean" />
					<DistClean command="$make -f $makefile distclean$target" />
					<AskRebuildNeeded command="$make -q -f $makefile" />
					<SilentBuild command="$make -f $makefile &gt; $(CMD_NULL)" />
				</MakeCommands>
			</Target>
			<Target title="Release">
				<Option output="bin/pastar" prefix_auto="1" extension_auto="1" />
				<Option object_output="obj/Release/" />
				<Option type="1" />
				<Option compiler="gcc" />
				<Compiler>
					<Add option="-O2" />
				</Compiler>
				<Linker>
					<Add option="-s" />
				</Linker>
			</Target>
		</Build>
		<Compiler>
			<Add option="-Weverything" />
			<Add option="-fexceptions" />
		</Compiler>
		<Unit filename="pastar/AStar.cpp" />
		<Unit filename="pastar/Coord.cpp" />
		<Unit filename="pastar/CoordHash.cpp" />
		<Unit filename="pastar/Cost.cpp" />
		<Unit filename="pastar/HeuristicHPair.cpp" />
		<Unit filename="pastar/Node.cpp" />
		<Unit filename="pastar/PairAlign.cpp" />
		<Unit filename="pastar/Sequences.cpp" />
		<Unit filename="pastar/TimeCounter.cpp" />
		<Unit filename="pastar/backtrace.cpp" />
		<Unit filename="pastar/include/AStar.h" />
		<Unit filename="pastar/include/Coord.h" />
		<Unit filename="pastar/include/CoordHash.h" />
		<Unit filename="pastar/include/Cost.h" />
		<Unit filename="pastar/include/HeuristicHPair.h" />
		<Unit filename="pastar/include/Node.h" />
		<Unit filename="pastar/include/PAStar.h" />
		<Unit filename="pastar/include/PairAlign.h" />
		<Unit filename="pastar/include/PriorityList.h" />
		<Unit filename="pastar/include/PriorityTypes.h" />
		<Unit filename="pastar/include/Sequences.h" />
		<Unit filename="pastar/include/TimeCounter.h" />
		<Unit filename="pastar/include/backtrace.h" />
		<Unit filename="pastar/include/lz4sup.h" />
		<Unit filename="pastar/include/max_seq_helper.h" />
		<Unit filename="pastar/include/mpi_dependencies.h" />
		<Unit filename="pastar/include/msa_options.h" />
		<Unit filename="pastar/include/read_fasta.h" />
		<Unit filename="pastar/lz4sup.cpp" />
		<Unit filename="pastar/msa_astar_main.cpp" />
		<Unit filename="pastar/msa_options.cpp" />
		<Unit filename="pastar/msa_pastar_main.cpp" />
		<Unit filename="pastar/pastar.cpp" />
		<Unit filename="pastar/read_fasta.cpp" />
		<Extensions>
			<code_completion />
			<debugger />
		</Extensions>
	</Project>
</CodeBlocks_project_file>
